
Microsoft Visual Studio Solution File, Format Version 12.00
# Visual Studio Version 17
VisualStudioVersion = 17.4.33205.214
MinimumVisualStudioVersion = 10.0.40219.1
Project("{9A19103F-16F7-4668-BE54-9A1E7A4F7556}") = "BethanysPieShop.Server", "BethanysPieShop\Server\BethanysPieShop.Server.csproj", "{32CD839F-2510-40C0-B5B4-64554AEE5757}"
EndProject
Project("{9A19103F-16F7-4668-BE54-9A1E7A4F7556}") = "BethanysPieShop.Client", "BethanysPieShop\Client\BethanysPieShop.Client.csproj", "{9AF7E333-5429-4CB0-96CB-85200B0C3AF3}"
EndProject
Project("{9A19103F-16F7-4668-BE54-9A1E7A4F7556}") = "BethanysPieShop.Shared", "BethanysPieShop\Shared\BethanysPieShop.Shared.csproj", "{A9637742-5340-4D79-BBBB-EA9BCA416E70}"
EndProject
Global
	GlobalSection(SolutionConfigurationPlatforms) = preSolution
		Debug|Any CPU = Debug|Any CPU
		Release|Any CPU = Release|Any CPU
	EndGlobalSection
	GlobalSection(ProjectConfigurationPlatforms) = postSolution
		{32CD839F-2510-40C0-B5B4-64554AEE5757}.Debug|Any CPU.ActiveCfg = Debug|Any CPU
		{32CD839F-2510-40C0-B5B4-64554AEE5757}.Debug|Any CPU.Build.0 = Debug|Any CPU
		{32CD839F-2510-40C0-B5B4-64554AEE5757}.Release|Any CPU.ActiveCfg = Release|Any CPU
		{32CD839F-2510-40C0-B5B4-64554AEE5757}.Release|Any CPU.Build.0 = Release|Any CPU
		{9AF7E333-5429-4CB0-96CB-85200B0C3AF3}.Debug|Any CPU.ActiveCfg = Debug|Any CPU
		{9AF7E333-5429-4CB0-96CB-85200B0C3AF3}.Debug|Any CPU.Build.0 = Debug|Any CPU
		{9AF7E333-5429-4CB0-96CB-85200B0C3AF3}.Release|Any CPU.ActiveCfg = Release|Any CPU
		{9AF7E333-5429-4CB0-96CB-85200B0C3AF3}.Release|Any CPU.Build.0 = Release|Any CPU
		{A9637742-5340-4D79-BBBB-EA9BCA416E70}.Debug|Any CPU.ActiveCfg = Debug|Any CPU
		{A9637742-5340-4D79-BBBB-EA9BCA416E70}.Debug|Any CPU.Build.0 = Debug|Any CPU
		{A9637742-5340-4D79-BBBB-EA9BCA416E70}.Release|Any CPU.ActiveCfg = Release|Any CPU
		{A9637742-5340-4D79-BBBB-EA9BCA416E70}.Release|Any CPU.Build.0 = Release|Any CPU
	EndGlobalSection
	GlobalSection(SolutionProperties) = preSolution
		HideSolutionNode = FALSE
	EndGlobalSection
	GlobalSection(ExtensibilityGlobals) = postSolution
		SolutionGuid = {DE01E5ED-88C5-4490-BEE9-6E210BBAED16}
	EndGlobalSection
EndGlobal
